
Microsoft Visual Studio Solution File, Format Version 12.00
# Visual Studio Version 17
VisualStudioVersion = 17.8.34330.188
MinimumVisualStudioVersion = 10.0.40219.1
Project("{FAE04EC0-301F-11D3-BF4B-00C04F79EFBC}") = "lab3_cs", "lab3_cs.csproj", "{5A68D463-CF87-4A84-97FC-18436F9BAA4A}"
EndProject
Global
	GlobalSection(SolutionConfigurationPlatforms) = preSolution
		Debug|Any CPU = Debug|Any CPU
		Release|Any CPU = Release|Any CPU
	EndGlobalSection
	GlobalSection(ProjectConfigurationPlatforms) = postSolution
		{5A68D463-CF87-4A84-97FC-18436F9BAA4A}.Debug|Any CPU.ActiveCfg = Debug|Any CPU
		{5A68D463-CF87-4A84-97FC-18436F9BAA4A}.Debug|Any CPU.Build.0 = Debug|Any CPU
		{5A68D463-CF87-4A84-97FC-18436F9BAA4A}.Release|Any CPU.ActiveCfg = Release|Any CPU
		{5A68D463-CF87-4A84-97FC-18436F9BAA4A}.Release|Any CPU.Build.0 = Release|Any CPU
	EndGlobalSection
	GlobalSection(SolutionProperties) = preSolution
		HideSolutionNode = FALSE
	EndGlobalSection
	GlobalSection(ExtensibilityGlobals) = postSolution
		SolutionGuid = {3D9C10A7-9809-4BAD-B076-0098EAFA47F6}
	EndGlobalSection
EndGlobal
