
Microsoft Visual Studio Solution File, Format Version 12.00
# Visual Studio Version 17
VisualStudioVersion = 17.7.34202.233
MinimumVisualStudioVersion = 10.0.40219.1
Project("{FAE04EC0-301F-11D3-BF4B-00C04F79EFBC}") = "lab1_cs", "lab1_cs.csproj", "{7019729A-204F-46B7-9883-87B0A081EF4D}"
EndProject
Global
	GlobalSection(SolutionConfigurationPlatforms) = preSolution
		Debug|Any CPU = Debug|Any CPU
		Release|Any CPU = Release|Any CPU
	EndGlobalSection
	GlobalSection(ProjectConfigurationPlatforms) = postSolution
		{7019729A-204F-46B7-9883-87B0A081EF4D}.Debug|Any CPU.ActiveCfg = Debug|Any CPU
		{7019729A-204F-46B7-9883-87B0A081EF4D}.Debug|Any CPU.Build.0 = Debug|Any CPU
		{7019729A-204F-46B7-9883-87B0A081EF4D}.Release|Any CPU.ActiveCfg = Release|Any CPU
		{7019729A-204F-46B7-9883-87B0A081EF4D}.Release|Any CPU.Build.0 = Release|Any CPU
	EndGlobalSection
	GlobalSection(SolutionProperties) = preSolution
		HideSolutionNode = FALSE
	EndGlobalSection
	GlobalSection(ExtensibilityGlobals) = postSolution
		SolutionGuid = {4EDC6CD6-5D55-4FF4-A2C8-5BC00F66A457}
	EndGlobalSection
EndGlobal
