
Microsoft Visual Studio Solution File, Format Version 12.00
# Visual Studio 15
VisualStudioVersion = 15.0.28010.2026
MinimumVisualStudioVersion = 10.0.40219.1
Project("{FAE04EC0-301F-11D3-BF4B-00C04F79EFBC}") = "WindowsFormsApp1", "WindowsFormsApp1\WindowsFormsApp1.csproj", "{7C562FCC-EC52-4F14-9668-81A15416C3A7}"
EndProject
Global
	GlobalSection(SolutionConfigurationPlatforms) = preSolution
		Debug|Any CPU = Debug|Any CPU
		Release|Any CPU = Release|Any CPU
	EndGlobalSection
	GlobalSection(ProjectConfigurationPlatforms) = postSolution
		{7C562FCC-EC52-4F14-9668-81A15416C3A7}.Debug|Any CPU.ActiveCfg = Debug|Any CPU
		{7C562FCC-EC52-4F14-9668-81A15416C3A7}.Debug|Any CPU.Build.0 = Debug|Any CPU
		{7C562FCC-EC52-4F14-9668-81A15416C3A7}.Release|Any CPU.ActiveCfg = Release|Any CPU
		{7C562FCC-EC52-4F14-9668-81A15416C3A7}.Release|Any CPU.Build.0 = Release|Any CPU
	EndGlobalSection
	GlobalSection(SolutionProperties) = preSolution
		HideSolutionNode = FALSE
	EndGlobalSection
	GlobalSection(ExtensibilityGlobals) = postSolution
		SolutionGuid = {31FA0CC3-EB94-4EA0-A532-CF37FFFDED4A}
	EndGlobalSection
EndGlobal
