
Microsoft Visual Studio Solution File, Format Version 12.00
# Visual Studio Version 17
VisualStudioVersion = 17.7.34202.233
MinimumVisualStudioVersion = 10.0.40219.1
Project("{9A19103F-16F7-4668-BE54-9A1E7A4F7556}") = "Factory", "Factory.csproj", "{53862108-D371-46C7-BA0D-C2D6E99729CB}"
EndProject
Project("{2150E333-8FDC-42A3-9474-1A3956D46DE8}") = "Solution Items", "Solution Items", "{C7236AC3-06B3-4860-BAD1-B0E2C1C94860}"
	ProjectSection(SolutionItems) = preProject
		.editorconfig = .editorconfig
	EndProjectSection
EndProject
Global
	GlobalSection(SolutionConfigurationPlatforms) = preSolution
		Debug|Any CPU = Debug|Any CPU
		Release|Any CPU = Release|Any CPU
	EndGlobalSection
	GlobalSection(ProjectConfigurationPlatforms) = postSolution
		{53862108-D371-46C7-BA0D-C2D6E99729CB}.Debug|Any CPU.ActiveCfg = Debug|Any CPU
		{53862108-D371-46C7-BA0D-C2D6E99729CB}.Debug|Any CPU.Build.0 = Debug|Any CPU
		{53862108-D371-46C7-BA0D-C2D6E99729CB}.Release|Any CPU.ActiveCfg = Release|Any CPU
		{53862108-D371-46C7-BA0D-C2D6E99729CB}.Release|Any CPU.Build.0 = Release|Any CPU
	EndGlobalSection
	GlobalSection(SolutionProperties) = preSolution
		HideSolutionNode = FALSE
	EndGlobalSection
	GlobalSection(ExtensibilityGlobals) = postSolution
		SolutionGuid = {0B61AA91-9181-4B27-B776-FB7EEE58111F}
	EndGlobalSection
EndGlobal
