
Microsoft Visual Studio Solution File, Format Version 12.00
# Visual Studio 15
VisualStudioVersion = 15.0.28010.2026
MinimumVisualStudioVersion = 10.0.40219.1
Project("{FAE04EC0-301F-11D3-BF4B-00C04F79EFBC}") = "WindowsFormsApp1", "WindowsFormsApp1\WindowsFormsApp1.csproj", "{A0C1DA8F-1B28-4EC5-BBC2-07FC4845BB09}"
EndProject
Global
	GlobalSection(SolutionConfigurationPlatforms) = preSolution
		Debug|Any CPU = Debug|Any CPU
		Release|Any CPU = Release|Any CPU
	EndGlobalSection
	GlobalSection(ProjectConfigurationPlatforms) = postSolution
		{A0C1DA8F-1B28-4EC5-BBC2-07FC4845BB09}.Debug|Any CPU.ActiveCfg = Debug|Any CPU
		{A0C1DA8F-1B28-4EC5-BBC2-07FC4845BB09}.Debug|Any CPU.Build.0 = Debug|Any CPU
		{A0C1DA8F-1B28-4EC5-BBC2-07FC4845BB09}.Release|Any CPU.ActiveCfg = Release|Any CPU
		{A0C1DA8F-1B28-4EC5-BBC2-07FC4845BB09}.Release|Any CPU.Build.0 = Release|Any CPU
	EndGlobalSection
	GlobalSection(SolutionProperties) = preSolution
		HideSolutionNode = FALSE
	EndGlobalSection
	GlobalSection(ExtensibilityGlobals) = postSolution
		SolutionGuid = {1AD78678-3735-4A18-B85A-382AF2A732EF}
	EndGlobalSection
EndGlobal
