
Microsoft Visual Studio Solution File, Format Version 12.00
# Visual Studio Version 17
VisualStudioVersion = 17.7.34202.233
MinimumVisualStudioVersion = 10.0.40219.1
Project("{FAE04EC0-301F-11D3-BF4B-00C04F79EFBC}") = "MusicNotes", "MusicNotes\MusicNotes.csproj", "{48AAB754-DB5D-4247-A1DE-6BFDEE9A2499}"
EndProject
Project("{F088123C-0E9E-452A-89E6-6BA2F21D5CAC}") = "ModelingProject", "ModelingProject\ModelingProject.modelproj", "{DE50ADB8-3D93-4807-BE97-50B9C62168C9}"
EndProject
Project("{2150E333-8FDC-42A3-9474-1A3956D46DE8}") = "Элементы решения", "Элементы решения", "{03E009D5-E253-46CA-9EAE-6CD9E108ACD5}"
EndProject
Global
	GlobalSection(SolutionConfigurationPlatforms) = preSolution
		Debug|Any CPU = Debug|Any CPU
		Release|Any CPU = Release|Any CPU
	EndGlobalSection
	GlobalSection(ProjectConfigurationPlatforms) = postSolution
		{48AAB754-DB5D-4247-A1DE-6BFDEE9A2499}.Debug|Any CPU.ActiveCfg = Debug|Any CPU
		{48AAB754-DB5D-4247-A1DE-6BFDEE9A2499}.Debug|Any CPU.Build.0 = Debug|Any CPU
		{48AAB754-DB5D-4247-A1DE-6BFDEE9A2499}.Release|Any CPU.ActiveCfg = Release|Any CPU
		{48AAB754-DB5D-4247-A1DE-6BFDEE9A2499}.Release|Any CPU.Build.0 = Release|Any CPU
		{DE50ADB8-3D93-4807-BE97-50B9C62168C9}.Debug|Any CPU.ActiveCfg = Debug|Any CPU
		{DE50ADB8-3D93-4807-BE97-50B9C62168C9}.Debug|Any CPU.Build.0 = Debug|Any CPU
		{DE50ADB8-3D93-4807-BE97-50B9C62168C9}.Release|Any CPU.ActiveCfg = Release|Any CPU
		{DE50ADB8-3D93-4807-BE97-50B9C62168C9}.Release|Any CPU.Build.0 = Release|Any CPU
	EndGlobalSection
	GlobalSection(SolutionProperties) = preSolution
		HideSolutionNode = FALSE
	EndGlobalSection
	GlobalSection(ExtensibilityGlobals) = postSolution
		SolutionGuid = {84E3392F-BE07-4FDB-BB64-FE8CAA265AB5}
	EndGlobalSection
EndGlobal
